
Microsoft Visual Studio Solution File, Format Version 12.00
# Visual Studio Version 17
VisualStudioVersion = 17.7.34024.191
MinimumVisualStudioVersion = 10.0.40219.1
Project("{FAE04EC0-301F-11D3-BF4B-00C04F79EFBC}") = "Mai Input", "Mai Input.csproj", "{4E6C04DD-C33F-4F25-95B3-B9A7F484C6C1}"
EndProject
Global
	GlobalSection(SolutionConfigurationPlatforms) = preSolution
		Debug|Any CPU = Debug|Any CPU
		Release|Any CPU = Release|Any CPU
	EndGlobalSection
	GlobalSection(ProjectConfigurationPlatforms) = postSolution
		{4E6C04DD-C33F-4F25-95B3-B9A7F484C6C1}.Debug|Any CPU.ActiveCfg = Debug|Any CPU
		{4E6C04DD-C33F-4F25-95B3-B9A7F484C6C1}.Debug|Any CPU.Build.0 = Debug|Any CPU
		{4E6C04DD-C33F-4F25-95B3-B9A7F484C6C1}.Release|Any CPU.ActiveCfg = Release|Any CPU
		{4E6C04DD-C33F-4F25-95B3-B9A7F484C6C1}.Release|Any CPU.Build.0 = Release|Any CPU
	EndGlobalSection
	GlobalSection(SolutionProperties) = preSolution
		HideSolutionNode = FALSE
	EndGlobalSection
	GlobalSection(ExtensibilityGlobals) = postSolution
		SolutionGuid = {DEC8A0A5-8EB2-43E2-A5F6-E1863710C37F}
	EndGlobalSection
EndGlobal
